
Microsoft Visual Studio Solution File, Format Version 12.00
# Visual Studio Version 16
VisualStudioVersion = 16.0.31410.357
MinimumVisualStudioVersion = 10.0.40219.1
Project("{FAE04EC0-301F-11D3-BF4B-00C04F79EFBC}") = "SmsReportService", "SmsReportService\SmsReportService.csproj", "{A81CAAC8-B239-42FB-BC39-CAF1DFABB0B9}"
EndProject
Project("{FAE04EC0-301F-11D3-BF4B-00C04F79EFBC}") = "Cipher", "Cipher\Cipher.csproj", "{2FC08707-6F82-4421-B679-75E911DAF20A}"
EndProject
Project("{FAE04EC0-301F-11D3-BF4B-00C04F79EFBC}") = "ReportService.Core", "ReportService.Core\ReportService.Core.csproj", "{1D115775-A858-4F40-B44B-774D42A3323D}"
EndProject
Project("{FAE04EC0-301F-11D3-BF4B-00C04F79EFBC}") = "Serwersms", "Serwersms\Serwersms.csproj", "{69415D7B-1BCA-4B48-A647-C495F778CB8F}"
EndProject
Project("{FAE04EC0-301F-11D3-BF4B-00C04F79EFBC}") = "Test", "Test\Test.csproj", "{F6981A67-43E5-4A5C-A209-02B1F50F27D3}"
EndProject
Global
	GlobalSection(SolutionConfigurationPlatforms) = preSolution
		Debug|Any CPU = Debug|Any CPU
		Release|Any CPU = Release|Any CPU
	EndGlobalSection
	GlobalSection(ProjectConfigurationPlatforms) = postSolution
		{A81CAAC8-B239-42FB-BC39-CAF1DFABB0B9}.Debug|Any CPU.ActiveCfg = Debug|Any CPU
		{A81CAAC8-B239-42FB-BC39-CAF1DFABB0B9}.Debug|Any CPU.Build.0 = Debug|Any CPU
		{A81CAAC8-B239-42FB-BC39-CAF1DFABB0B9}.Release|Any CPU.ActiveCfg = Release|Any CPU
		{A81CAAC8-B239-42FB-BC39-CAF1DFABB0B9}.Release|Any CPU.Build.0 = Release|Any CPU
		{2FC08707-6F82-4421-B679-75E911DAF20A}.Debug|Any CPU.ActiveCfg = Debug|Any CPU
		{2FC08707-6F82-4421-B679-75E911DAF20A}.Debug|Any CPU.Build.0 = Debug|Any CPU
		{2FC08707-6F82-4421-B679-75E911DAF20A}.Release|Any CPU.ActiveCfg = Release|Any CPU
		{2FC08707-6F82-4421-B679-75E911DAF20A}.Release|Any CPU.Build.0 = Release|Any CPU
		{1D115775-A858-4F40-B44B-774D42A3323D}.Debug|Any CPU.ActiveCfg = Debug|Any CPU
		{1D115775-A858-4F40-B44B-774D42A3323D}.Debug|Any CPU.Build.0 = Debug|Any CPU
		{1D115775-A858-4F40-B44B-774D42A3323D}.Release|Any CPU.ActiveCfg = Release|Any CPU
		{1D115775-A858-4F40-B44B-774D42A3323D}.Release|Any CPU.Build.0 = Release|Any CPU
		{69415D7B-1BCA-4B48-A647-C495F778CB8F}.Debug|Any CPU.ActiveCfg = Debug|Any CPU
		{69415D7B-1BCA-4B48-A647-C495F778CB8F}.Debug|Any CPU.Build.0 = Debug|Any CPU
		{69415D7B-1BCA-4B48-A647-C495F778CB8F}.Release|Any CPU.ActiveCfg = Release|Any CPU
		{69415D7B-1BCA-4B48-A647-C495F778CB8F}.Release|Any CPU.Build.0 = Release|Any CPU
		{F6981A67-43E5-4A5C-A209-02B1F50F27D3}.Debug|Any CPU.ActiveCfg = Debug|Any CPU
		{F6981A67-43E5-4A5C-A209-02B1F50F27D3}.Debug|Any CPU.Build.0 = Debug|Any CPU
		{F6981A67-43E5-4A5C-A209-02B1F50F27D3}.Release|Any CPU.ActiveCfg = Release|Any CPU
		{F6981A67-43E5-4A5C-A209-02B1F50F27D3}.Release|Any CPU.Build.0 = Release|Any CPU
	EndGlobalSection
	GlobalSection(SolutionProperties) = preSolution
		HideSolutionNode = FALSE
	EndGlobalSection
	GlobalSection(ExtensibilityGlobals) = postSolution
		SolutionGuid = {DBE02502-6645-4437-AF52-5AFA616E7C8C}
	EndGlobalSection
EndGlobal
